<?xml version="1.0" encoding="utf-8"?>
<Project ToolsVersion="4.0" xmlns="http://schemas.microsoft.com/developer/msbuild/2003">
  <ItemGroup>
    <Filter Include="Source Files">
      <UniqueIdentifier>{4FC737F1-C7A5-4376-A066-2A32D752A2FF}</UniqueIdentifier>
      <Extensions>cpp;c;cc;cxx;c++;cppm;ixx;def;odl;idl;hpj;bat;asm;asmx</Extensions>
    </Filter>
    <Filter Include="Header Files">
      <UniqueIdentifier>{93995380-89BD-4b04-88EB-625FBE52EBFB}</UniqueIdentifier>
      <Extensions>h;hh;hpp;hxx;h++;hm;inl;inc;ipp;xsd</Extensions>
    </Filter>
    <Filter Include="Resource Files">
      <UniqueIdentifier>{67DA6AB6-F800-4c08-8B7A-83BB121AAD01}</UniqueIdentifier>
      <Extensions>rc;ico;cur;bmp;dlg;rc2;rct;bin;rgs;gif;jpg;jpeg;jpe;resx;tiff;tif;png;wav;mfcribbon-ms</Extensions>
    </Filter>
    <Filter Include="Texts Files">
      <UniqueIdentifier>{1a2c77ea-99eb-4aea-8469-1abfe0596066}</UniqueIdentifier>
    </Filter>
    <Filter Include="Header Files\Core">
      <UniqueIdentifier>{af6b540b-16d1-4097-9cda-d74f88356e6c}</UniqueIdentifier>
    </Filter>
    <Filter Include="Header Files\Lib">
      <UniqueIdentifier>{c6e47610-77b8-45f3-b22b-3ab1fa4ac4fa}</UniqueIdentifier>
    </Filter>
    <Filter Include="Header Files\Screens">
      <UniqueIdentifier>{9d39bef5-58b2-4b26-bceb-214776c1e1c8}</UniqueIdentifier>
    </Filter>
    <Filter Include="Header Files\Screens\Client">
      <UniqueIdentifier>{39f5bc63-a496-4c96-a224-55b029a67d23}</UniqueIdentifier>
    </Filter>
    <Filter Include="Header Files\Screens\User">
      <UniqueIdentifier>{68e941fa-abe2-4e83-adb4-1d1e07a7a813}</UniqueIdentifier>
    </Filter>
    <Filter Include="Header Files\Screens\Currencies">
      <UniqueIdentifier>{baa4b4fa-4d87-48d7-b87d-8c938e8f56f9}</UniqueIdentifier>
    </Filter>
  </ItemGroup>
  <ItemGroup>
    <ClCompile Include="Main.cpp">
      <Filter>Source Files</Filter>
    </ClCompile>
  </ItemGroup>
  <ItemGroup>
    <Text Include="TransferRegister.txt">
      <Filter>Texts Files</Filter>
    </Text>
    <Text Include="Users.txt">
      <Filter>Texts Files</Filter>
    </Text>
    <Text Include="LoginRegister.txt">
      <Filter>Texts Files</Filter>
    </Text>
    <Text Include="Clients.txt">
      <Filter>Texts Files</Filter>
    </Text>
    <Text Include="Currencies.txt">
      <Filter>Texts Files</Filter>
    </Text>
  </ItemGroup>
  <ItemGroup>
    <ClInclude Include="Global.h">
      <Filter>Header Files</Filter>
    </ClInclude>
    <ClInclude Include="CCurrency.h">
      <Filter>Header Files\Core</Filter>
    </ClInclude>
    <ClInclude Include="CBankClient.h">
      <Filter>Header Files\Core</Filter>
    </ClInclude>
    <ClInclude Include="CUser.h">
      <Filter>Header Files\Core</Filter>
    </ClInclude>
    <ClInclude Include="CPerson.h">
      <Filter>Header Files\Core</Filter>
    </ClInclude>
    <ClInclude Include="CUtil.h">
      <Filter>Header Files\Lib</Filter>
    </ClInclude>
    <ClInclude Include="CDate.h">
      <Filter>Header Files\Lib</Filter>
    </ClInclude>
    <ClInclude Include="CString.h">
      <Filter>Header Files\Lib</Filter>
    </ClInclude>
    <ClInclude Include="CInputValidate.h">
      <Filter>Header Files\Lib</Filter>
    </ClInclude>
    <ClInclude Include="CMainMenueScreen.h">
      <Filter>Header Files\Screens</Filter>
    </ClInclude>
    <ClInclude Include="CScreen.h">
      <Filter>Header Files\Screens</Filter>
    </ClInclude>
    <ClInclude Include="CAddNewClientScreen.h">
      <Filter>Header Files\Screens\Client</Filter>
    </ClInclude>
    <ClInclude Include="CClientListScreen.h">
      <Filter>Header Files\Screens\Client</Filter>
    </ClInclude>
    <ClInclude Include="CDeleteClientScreen.h">
      <Filter>Header Files\Screens\Client</Filter>
    </ClInclude>
    <ClInclude Include="CFindClientScreen.h">
      <Filter>Header Files\Screens\Client</Filter>
    </ClInclude>
    <ClInclude Include="CUpdateClientScreen.h">
      <Filter>Header Files\Screens\Client</Filter>
    </ClInclude>
    <ClInclude Include="CAddNewUserScreen.h">
      <Filter>Header Files\Screens\User</Filter>
    </ClInclude>
    <ClInclude Include="CDeleteUserScreen.h">
      <Filter>Header Files\Screens\User</Filter>
    </ClInclude>
    <ClInclude Include="CFindUserScreen.h">
      <Filter>Header Files\Screens\User</Filter>
    </ClInclude>
    <ClInclude Include="CManageUsersMenue.h">
      <Filter>Header Files\Screens\User</Filter>
    </ClInclude>
    <ClInclude Include="CShowListUsersMenue.h">
      <Filter>Header Files\Screens\User</Filter>
    </ClInclude>
    <ClInclude Include="CUpdateUserScreen.h">
      <Filter>Header Files\Screens\User</Filter>
    </ClInclude>
    <ClInclude Include="CPeriod.h">
      <Filter>Header Files\Lib</Filter>
    </ClInclude>
    <ClInclude Include="CDepositeScreen.h">
      <Filter>Header Files\Screens\Client</Filter>
    </ClInclude>
    <ClInclude Include="CTotalBalancesScreen.h">
      <Filter>Header Files\Screens\Client</Filter>
    </ClInclude>
    <ClInclude Include="CTransactionsScreen.h">
      <Filter>Header Files\Screens\Client</Filter>
    </ClInclude>
    <ClInclude Include="CTransferLogscreen.h">
      <Filter>Header Files\Screens\Client</Filter>
    </ClInclude>
    <ClInclude Include="CTransferScreen.h">
      <Filter>Header Files\Screens\Client</Filter>
    </ClInclude>
    <ClInclude Include="CWithDrawScreen.h">
      <Filter>Header Files\Screens\Client</Filter>
    </ClInclude>
    <ClInclude Include="CLoginRegisterMenue.h">
      <Filter>Header Files\Screens\User</Filter>
    </ClInclude>
    <ClInclude Include="CLoginScreen.h">
      <Filter>Header Files\Screens\User</Filter>
    </ClInclude>
    <ClInclude Include="CCurrenciesListScreen.h">
      <Filter>Header Files\Screens\Currencies</Filter>
    </ClInclude>
    <ClInclude Include="CCurrencyCalculatorScreen.h">
      <Filter>Header Files\Screens\Currencies</Filter>
    </ClInclude>
    <ClInclude Include="CCurrencyExchangeMenue.h">
      <Filter>Header Files\Screens\Currencies</Filter>
    </ClInclude>
    <ClInclude Include="CFindCurrencyScreen.h">
      <Filter>Header Files\Screens\Currencies</Filter>
    </ClInclude>
    <ClInclude Include="CUpdateCurrencyRateScreen.h">
      <Filter>Header Files\Screens\Currencies</Filter>
    </ClInclude>
  </ItemGroup>
</Project>